// !$*UTF8*$!
{
	archiveVersion = 1;
	classes = {
	};
	objectVersion = 50;
	objects = {

/* Begin PBXBuildFile section */
		02BFBB7223DB690A00CAF2B1 /* AppDelegate.swift in Sources */ = {isa = PBXBuildFile; fileRef = 02BFBB7123DB690A00CAF2B1 /* AppDelegate.swift */; };
		02BFBB7423DB690A00CAF2B1 /* SceneDelegate.swift in Sources */ = {isa = PBXBuildFile; fileRef = 02BFBB7323DB690A00CAF2B1 /* SceneDelegate.swift */; };
		02BFBB7623DB690A00CAF2B1 /* ViewController.swift in Sources */ = {isa = PBXBuildFile; fileRef = 02BFBB7523DB690A00CAF2B1 /* ViewController.swift */; };
		02BFBB7923DB690A00CAF2B1 /* Main.storyboard in Resources */ = {isa = PBXBuildFile; fileRef = 02BFBB7723DB690A00CAF2B1 /* Main.storyboard */; };
		02BFBB7B23DB690C00CAF2B1 /* Assets.xcassets in Resources */ = {isa = PBXBuildFile; fileRef = 02BFBB7A23DB690C00CAF2B1 /* Assets.xcassets */; };
		02BFBB7E23DB690C00CAF2B1 /* LaunchScreen.storyboard in Resources */ = {isa = PBXBuildFile; fileRef = 02BFBB7C23DB690C00CAF2B1 /* LaunchScreen.storyboard */; };
		721002F53525BE5B3DCBDD83 /* Pods_AppTerremotos.framework in Frameworks */ = {isa = PBXBuildFile; fileRef = 36BD3BF4232C1E77CD98B92B /* Pods_AppTerremotos.framework */; };
/* End PBXBuildFile section */

/* Begin PBXFileReference section */
		02BFBB6E23DB690A00CAF2B1 /* AppTerremotos.app */ = {isa = PBXFileReference; explicitFileType = wrapper.application; includeInIndex = 0; path = AppTerremotos.app; sourceTree = BUILT_PRODUCTS_DIR; };
		02BFBB7123DB690A00CAF2B1 /* AppDelegate.swift */ = {isa = PBXFileReference; lastKnownFileType = sourcecode.swift; path = AppDelegate.swift; sourceTree = "<group>"; };
		02BFBB7323DB690A00CAF2B1 /* SceneDelegate.swift */ = {isa = PBXFileReference; lastKnownFileType = sourcecode.swift; path = SceneDelegate.swift; sourceTree = "<group>"; };
		02BFBB7523DB690A00CAF2B1 /* ViewController.swift */ = {isa = PBXFileReference; lastKnownFileType = sourcecode.swift; path = ViewController.swift; sourceTree = "<group>"; };
		02BFBB7823DB690A00CAF2B1 /* Base */ = {isa = PBXFileReference; lastKnownFileType = file.storyboard; name = Base; path = Base.lproj/Main.storyboard; sourceTree = "<group>"; };
		02BFBB7A23DB690C00CAF2B1 /* Assets.xcassets */ = {isa = PBXFileReference; lastKnownFileType = folder.assetcatalog; path = Assets.xcassets; sourceTree = "<group>"; };
		02BFBB7D23DB690C00CAF2B1 /* Base */ = {isa = PBXFileReference; lastKnownFileType = file.storyboard; name = Base; path = Base.lproj/LaunchScreen.storyboard; sourceTree = "<group>"; };
		02BFBB7F23DB690C00CAF2B1 /* Info.plist */ = {isa = PBXFileReference; lastKnownFileType = text.plist.xml; path = Info.plist; sourceTree = "<group>"; };
		1126801BCABA87A1DD9167E7 /* Pods-AppTerremotos.release.xcconfig */ = {isa = PBXFileReference; includeInIndex = 1; lastKnownFileType = text.xcconfig; name = "Pods-AppTerremotos.release.xcconfig"; path = "Target Support Files/Pods-AppTerremotos/Pods-AppTerremotos.release.xcconfig"; sourceTree = "<group>"; };
		36BD3BF4232C1E77CD98B92B /* Pods_AppTerremotos.framework */ = {isa = PBXFileReference; explicitFileType = wrapper.framework; includeInIndex = 0; path = Pods_AppTerremotos.framework; sourceTree = BUILT_PRODUCTS_DIR; };
		9DCB9FB65B00F9AA8F083D5C /* Pods-AppTerremotos.debug.xcconfig */ = {isa = PBXFileReference; includeInIndex = 1; lastKnownFileType = text.xcconfig; name = "Pods-AppTerremotos.debug.xcconfig"; path = "Target Support Files/Pods-AppTerremotos/Pods-AppTerremotos.debug.xcconfig"; sourceTree = "<group>"; };
/* End PBXFileReference section */

/* Begin PBXFrameworksBuildPhase section */
		02BFBB6B23DB690A00CAF2B1 /* Frameworks */ = {
			isa = PBXFrameworksBuildPhase;
			buildActionMask = 2147483647;
			files = (
				721002F53525BE5B3DCBDD83 /* Pods_AppTerremotos.framework in Frameworks */,
			);
			runOnlyForDeploymentPostprocessing = 0;
		};
/* End PBXFrameworksBuildPhase section */

/* Begin PBXGroup section */
		02BFBB6523DB690A00CAF2B1 = {
			isa = PBXGroup;
			children = (
				02BFBB7023DB690A00CAF2B1 /* AppTerremotos */,
				02BFBB6F23DB690A00CAF2B1 /* Products */,
				939EC69AAE4B03680F2E9A4C /* Pods */,
				7142C25B23C79B5915E0C4C0 /* Frameworks */,
			);
			sourceTree = "<group>";
		};
		02BFBB6F23DB690A00CAF2B1 /* Products */ = {
			isa = PBXGroup;
			children = (
				02BFBB6E23DB690A00CAF2B1 /* AppTerremotos.app */,
			);
			name = Products;
			sourceTree = "<group>";
		};
		02BFBB7023DB690A00CAF2B1 /* AppTerremotos */ = {
			isa = PBXGroup;
			children = (
				02BFBB7123DB690A00CAF2B1 /* AppDelegate.swift */,
				02BFBB7323DB690A00CAF2B1 /* SceneDelegate.swift */,
				02BFBB7523DB690A00CAF2B1 /* ViewController.swift */,
				02BFBB7723DB690A00CAF2B1 /* Main.storyboard */,
				02BFBB7A23DB690C00CAF2B1 /* Assets.xcassets */,
				02BFBB7C23DB690C00CAF2B1 /* LaunchScreen.storyboard */,
				02BFBB7F23DB690C00CAF2B1 /* Info.plist */,
			);
			path = AppTerremotos;
			sourceTree = "<group>";
		};
		7142C25B23C79B5915E0C4C0 /* Frameworks */ = {
			isa = PBXGroup;
			children = (
				36BD3BF4232C1E77CD98B92B /* Pods_AppTerremotos.framework */,
			);
			name = Frameworks;
			sourceTree = "<group>";
		};
		939EC69AAE4B03680F2E9A4C /* Pods */ = {
			isa = PBXGroup;
			children = (
				9DCB9FB65B00F9AA8F083D5C /* Pods-AppTerremotos.debug.xcconfig */,
				1126801BCABA87A1DD9167E7 /* Pods-AppTerremotos.release.xcconfig */,
			);
			name = Pods;
			path = Pods;
			sourceTree = "<group>";
		};
/* End PBXGroup section */

/* Begin PBXNativeTarget section */
		02BFBB6D23DB690A00CAF2B1 /* AppTerremotos */ = {
			isa = PBXNativeTarget;
			buildConfigurationList = 02BFBB8223DB690C00CAF2B1 /* Build configuration list for PBXNativeTarget "AppTerremotos" */;
			buildPhases = (
				73F6DF466A005EB6D4EAA2BD /* [CP] Check Pods Manifest.lock */,
				02BFBB6A23DB690A00CAF2B1 /* Sources */,
				02BFBB6B23DB690A00CAF2B1 /* Frameworks */,
				02BFBB6C23DB690A00CAF2B1 /* Resources */,
				1E585B32BFDF4443D15C1B3B /* [CP] Embed Pods Frameworks */,
			);
			buildRules = (
			);
			dependencies = (
			);
			name = AppTerremotos;
			productName = AppTerremotos;
			productReference = 02BFBB6E23DB690A00CAF2B1 /* AppTerremotos.app */;
			productType = "com.apple.product-type.application";
		};
/* End PBXNativeTarget section */

/* Begin PBXProject section */
		02BFBB6623DB690A00CAF2B1 /* Project object */ = {
			isa = PBXProject;
			attributes = {
				LastSwiftUpdateCheck = 1130;
				LastUpgradeCheck = 1130;
				ORGANIZATIONNAME = none.none;
				TargetAttributes = {
					02BFBB6D23DB690A00CAF2B1 = {
						CreatedOnToolsVersion = 11.3;
					};
				};
			};
			buildConfigurationList = 02BFBB6923DB690A00CAF2B1 /* Build configuration list for PBXProject "AppTerremotos" */;
			compatibilityVersion = "Xcode 9.3";
			developmentRegion = en;
			hasScannedForEncodings = 0;
			knownRegions = (
				en,
				Base,
			);
			mainGroup = 02BFBB6523DB690A00CAF2B1;
			productRefGroup = 02BFBB6F23DB690A00CAF2B1 /* Products */;
			projectDirPath = "";
			projectRoot = "";
			targets = (
				02BFBB6D23DB690A00CAF2B1 /* AppTerremotos */,
			);
		};
/* End PBXProject section */

/* Begin PBXResourcesBuildPhase section */
		02BFBB6C23DB690A00CAF2B1 /* Resources */ = {
			isa = PBXResourcesBuildPhase;
			buildActionMask = 2147483647;
			files = (
				02BFBB7E23DB690C00CAF2B1 /* LaunchScreen.storyboard in Resources */,
				02BFBB7B23DB690C00CAF2B1 /* Assets.xcassets in Resources */,
				02BFBB7923DB690A00CAF2B1 /* Main.storyboard in Resources */,
			);
			runOnlyForDeploymentPostprocessing = 0;
		};
/* End PBXResourcesBuildPhase section */

/* Begin PBXShellScriptBuildPhase section */
		1E585B32BFDF4443D15C1B3B /* [CP] Embed Pods Frameworks */ = {
			isa = PBXShellScriptBuildPhase;
			buildActionMask = 2147483647;
			files = (
			);
			inputFileListPaths = (
				"${PODS_ROOT}/Target Support Files/Pods-AppTerremotos/Pods-AppTerremotos-frameworks-${CONFIGURATION}-input-files.xcfilelist",
			);
			name = "[CP] Embed Pods Frameworks";
			outputFileListPaths = (
				"${PODS_ROOT}/Target Support Files/Pods-AppTerremotos/Pods-AppTerremotos-frameworks-${CONFIGURATION}-output-files.xcfilelist",
			);
			runOnlyForDeploymentPostprocessing = 0;
			shellPath = /bin/sh;
			shellScript = "\"${PODS_ROOT}/Target Support Files/Pods-AppTerremotos/Pods-AppTerremotos-frameworks.sh\"\n";
			showEnvVarsInLog = 0;
		};
		73F6DF466A005EB6D4EAA2BD /* [CP] Check Pods Manifest.lock */ = {
			isa = PBXShellScriptBuildPhase;
			buildActionMask = 2147483647;
			files = (
			);
			inputFileListPaths = (
			);
			inputPaths = (
				"${PODS_PODFILE_DIR_PATH}/Podfile.lock",
				"${PODS_ROOT}/Manifest.lock",
			);
			name = "[CP] Check Pods Manifest.lock";
			outputFileListPaths = (
			);
			outputPaths = (
				"$(DERIVED_FILE_DIR)/Pods-AppTerremotos-checkManifestLockResult.txt",
			);
			runOnlyForDeploymentPostprocessing = 0;
			shellPath = /bin/sh;
			shellScript = "diff \"${PODS_PODFILE_DIR_PATH}/Podfile.lock\" \"${PODS_ROOT}/Manifest.lock\" > /dev/null\nif [ $? != 0 ] ; then\n    # print error to STDERR\n    echo \"error: The sandbox is not in sync with the Podfile.lock. Run 'pod install' or update your CocoaPods installation.\" >&2\n    exit 1\nfi\n# This output is used by Xcode 'outputs' to avoid re-running this script phase.\necho \"SUCCESS\" > \"${SCRIPT_OUTPUT_FILE_0}\"\n";
			showEnvVarsInLog = 0;
		};
/* End PBXShellScriptBuildPhase section */

/* Begin PBXSourcesBuildPhase section */
		02BFBB6A23DB690A00CAF2B1 /* Sources */ = {
			isa = PBXSourcesBuildPhase;
			buildActionMask = 2147483647;
			files = (
				02BFBB7623DB690A00CAF2B1 /* ViewController.swift in Sources */,
				02BFBB7223DB690A00CAF2B1 /* AppDelegate.swift in Sources */,
				02BFBB7423DB690A00CAF2B1 /* SceneDelegate.swift in Sources */,
			);
			runOnlyForDeploymentPostprocessing = 0;
		};
/* End PBXSourcesBuildPhase section */

/* Begin PBXVariantGroup section */
		02BFBB7723DB690A00CAF2B1 /* Main.storyboard */ = {
			isa = PBXVariantGroup;
			children = (
				02BFBB7823DB690A00CAF2B1 /* Base */,
			);
			name = Main.storyboard;
			sourceTree = "<group>";
		};
		02BFBB7C23DB690C00CAF2B1 /* LaunchScreen.storyboard */ = {
			isa = PBXVariantGroup;
			children = (
				02BFBB7D23DB690C00CAF2B1 /* Base */,
			);
			name = LaunchScreen.storyboard;
			sourceTree = "<group>";
		};
/* End PBXVariantGroup section */

/* Begin XCBuildConfiguration section */
		02BFBB8023DB690C00CAF2B1 /* Debug */ = {
			isa = XCBuildConfiguration;
			buildSettings = {
				ALWAYS_SEARCH_USER_PATHS = NO;
				CLANG_ANALYZER_NONNULL = YES;
				CLANG_ANALYZER_NUMBER_OBJECT_CONVERSION = YES_AGGRESSIVE;
				CLANG_CXX_LANGUAGE_STANDARD = "gnu++14";
				CLANG_CXX_LIBRARY = "libc++";
				CLANG_ENABLE_MODULES = YES;
				CLANG_ENABLE_OBJC_ARC = YES;
				CLANG_ENABLE_OBJC_WEAK = YES;
				CLANG_WARN_BLOCK_CAPTURE_AUTORELEASING = YES;
				CLANG_WARN_BOOL_CONVERSION = YES;
				CLANG_WARN_COMMA = YES;
				CLANG_WARN_CONSTANT_CONVERSION = YES;
				CLANG_WARN_DEPRECATED_OBJC_IMPLEMENTATIONS = YES;
				CLANG_WARN_DIRECT_OBJC_ISA_USAGE = YES_ERROR;
				CLANG_WARN_DOCUMENTATION_COMMENTS = YES;
				CLANG_WARN_EMPTY_BODY = YES;
				CLANG_WARN_ENUM_CONVERSION = YES;
				CLANG_WARN_INFINITE_RECURSION = YES;
				CLANG_WARN_INT_CONVERSION = YES;
				CLANG_WARN_NON_LITERAL_NULL_CONVERSION = YES;
				CLANG_WARN_OBJC_IMPLICIT_RETAIN_SELF = YES;
				CLANG_WARN_OBJC_LITERAL_CONVERSION = YES;
				CLANG_WARN_OBJC_ROOT_CLASS = YES_ERROR;
				CLANG_WARN_RANGE_LOOP_ANALYSIS = YES;
				CLANG_WARN_STRICT_PROTOTYPES = YES;
				CLANG_WARN_SUSPICIOUS_MOVE = YES;
				CLANG_WARN_UNGUARDED_AVAILABILITY = YES_AGGRESSIVE;
				CLANG_WARN_UNREACHABLE_CODE = YES;
				CLANG_WARN__DUPLICATE_METHOD_MATCH = YES;
				COPY_PHASE_STRIP = NO;
				DEBUG_INFORMATION_FORMAT = dwarf;
				ENABLE_STRICT_OBJC_MSGSEND = YES;
				ENABLE_TESTABILITY = YES;
				GCC_C_LANGUAGE_STANDARD = gnu11;
				GCC_DYNAMIC_NO_PIC = NO;
				GCC_NO_COMMON_BLOCKS = YES;
				GCC_OPTIMIZATION_LEVEL = 0;
				GCC_PREPROCESSOR_DEFINITIONS = (
					"DEBUG=1",
					"$(inherited)",
				);
				GCC_WARN_64_TO_32_BIT_CONVERSION = YES;
				GCC_WARN_ABOUT_RETURN_TYPE = YES_ERROR;
				GCC_WARN_UNDECLARED_SELECTOR = YES;
				GCC_WARN_UNINITIALIZED_AUTOS = YES_AGGRESSIVE;
				GCC_WARN_UNUSED_FUNCTION = YES;
				GCC_WARN_UNUSED_VARIABLE = YES;
				IPHONEOS_DEPLOYMENT_TARGET = 13.2;
				MTL_ENABLE_DEBUG_INFO = INCLUDE_SOURCE;
				MTL_FAST_MATH = YES;
				ONLY_ACTIVE_ARCH = YES;
				SDKROOT = iphoneos;
				SWIFT_ACTIVE_COMPILATION_CONDITIONS = DEBUG;
				SWIFT_OPTIMIZATION_LEVEL = "-Onone";
			};
			name = Debug;
		};
		02BFBB8123DB690C00CAF2B1 /* Release */ = {
			isa = XCBuildConfiguration;
			buildSettings = {
				ALWAYS_SEARCH_USER_PATHS = NO;
				CLANG_ANALYZER_NONNULL = YES;
				CLANG_ANALYZER_NUMBER_OBJECT_CONVERSION = YES_AGGRESSIVE;
				CLANG_CXX_LANGUAGE_STANDARD = "gnu++14";
				CLANG_CXX_LIBRARY = "libc++";
				CLANG_ENABLE_MODULES = YES;
				CLANG_ENABLE_OBJC_ARC = YES;
				CLANG_ENABLE_OBJC_WEAK = YES;
				CLANG_WARN_BLOCK_CAPTURE_AUTORELEASING = YES;
				CLANG_WARN_BOOL_CONVERSION = YES;
				CLANG_WARN_COMMA = YES;
				CLANG_WARN_CONSTANT_CONVERSION = YES;
				CLANG_WARN_DEPRECATED_OBJC_IMPLEMENTATIONS = YES;
				CLANG_WARN_DIRECT_OBJC_ISA_USAGE = YES_ERROR;
				CLANG_WARN_DOCUMENTATION_COMMENTS = YES;
				CLANG_WARN_EMPTY_BODY = YES;
				CLANG_WARN_ENUM_CONVERSION = YES;
				CLANG_WARN_INFINITE_RECURSION = YES;
				CLANG_WARN_INT_CONVERSION = YES;
				CLANG_WARN_NON_LITERAL_NULL_CONVERSION = YES;
				CLANG_WARN_OBJC_IMPLICIT_RETAIN_SELF = YES;
				CLANG_WARN_OBJC_LITERAL_CONVERSION = YES;
				CLANG_WARN_OBJC_ROOT_CLASS = YES_ERROR;
				CLANG_WARN_RANGE_LOOP_ANALYSIS = YES;
				CLANG_WARN_STRICT_PROTOTYPES = YES;
				CLANG_WARN_SUSPICIOUS_MOVE = YES;
				CLANG_WARN_UNGUARDED_AVAILABILITY = YES_AGGRESSIVE;
				CLANG_WARN_UNREACHABLE_CODE = YES;
				CLANG_WARN__DUPLICATE_METHOD_MATCH = YES;
				COPY_PHASE_STRIP = NO;
				DEBUG_INFORMATION_FORMAT = "dwarf-with-dsym";
				ENABLE_NS_ASSERTIONS = NO;
				ENABLE_STRICT_OBJC_MSGSEND = YES;
				GCC_C_LANGUAGE_STANDARD = gnu11;
				GCC_NO_COMMON_BLOCKS = YES;
				GCC_WARN_64_TO_32_BIT_CONVERSION = YES;
				GCC_WARN_ABOUT_RETURN_TYPE = YES_ERROR;
				GCC_WARN_UNDECLARED_SELECTOR = YES;
				GCC_WARN_UNINITIALIZED_AUTOS = YES_AGGRESSIVE;
				GCC_WARN_UNUSED_FUNCTION = YES;
				GCC_WARN_UNUSED_VARIABLE = YES;
				IPHONEOS_DEPLOYMENT_TARGET = 13.2;
				MTL_ENABLE_DEBUG_INFO = NO;
				MTL_FAST_MATH = YES;
				SDKROOT = iphoneos;
				SWIFT_COMPILATION_MODE = wholemodule;
				SWIFT_OPTIMIZATION_LEVEL = "-O";
				VALIDATE_PRODUCT = YES;
			};
			name = Release;
		};
		02BFBB8323DB690C00CAF2B1 /* Debug */ = {
			isa = XCBuildConfiguration;
			baseConfigurationReference = 9DCB9FB65B00F9AA8F083D5C /* Pods-AppTerremotos.debug.xcconfig */;
			buildSettings = {
				ASSETCATALOG_COMPILER_APPICON_NAME = AppIcon;
				CODE_SIGN_STYLE = Automatic;
				INFOPLIST_FILE = AppTerremotos/Info.plist;
				LD_RUNPATH_SEARCH_PATHS = (
					"$(inherited)",
					"@executable_path/Frameworks",
				);
				PRODUCT_BUNDLE_IDENTIFIER = none.none.AppTerremotos;
				PRODUCT_NAME = "$(TARGET_NAME)";
				SWIFT_VERSION = 5.0;
				TARGETED_DEVICE_FAMILY = "1,2";
			};
			name = Debug;
		};
		02BFBB8423DB690C00CAF2B1 /* Release */ = {
			isa = XCBuildConfiguration;
			baseConfigurationReference = 1126801BCABA87A1DD9167E7 /* Pods-AppTerremotos.release.xcconfig */;
			buildSettings = {
				ASSETCATALOG_COMPILER_APPICON_NAME = AppIcon;
				CODE_SIGN_STYLE = Automatic;
				INFOPLIST_FILE = AppTerremotos/Info.plist;
				LD_RUNPATH_SEARCH_PATHS = (
					"$(inherited)",
					"@executable_path/Frameworks",
				);
				PRODUCT_BUNDLE_IDENTIFIER = none.none.AppTerremotos;
				PRODUCT_NAME = "$(TARGET_NAME)";
				SWIFT_VERSION = 5.0;
				TARGETED_DEVICE_FAMILY = "1,2";
			};
			name = Release;
		};
/* End XCBuildConfiguration section */

/* Begin XCConfigurationList section */
		02BFBB6923DB690A00CAF2B1 /* Build configuration list for PBXProject "AppTerremotos" */ = {
			isa = XCConfigurationList;
			buildConfigurations = (
				02BFBB8023DB690C00CAF2B1 /* Debug */,
				02BFBB8123DB690C00CAF2B1 /* Release */,
			);
			defaultConfigurationIsVisible = 0;
			defaultConfigurationName = Release;
		};
		02BFBB8223DB690C00CAF2B1 /* Build configuration list for PBXNativeTarget "AppTerremotos" */ = {
			isa = XCConfigurationList;
			buildConfigurations = (
				02BFBB8323DB690C00CAF2B1 /* Debug */,
				02BFBB8423DB690C00CAF2B1 /* Release */,
			);
			defaultConfigurationIsVisible = 0;
			defaultConfigurationName = Release;
		};
/* End XCConfigurationList section */
	};
	rootObject = 02BFBB6623DB690A00CAF2B1 /* Project object */;
}
